
Microsoft Visual Studio Solution File, Format Version 12.00
# Visual Studio Version 16
VisualStudioVersion = 16.0.30404.54
MinimumVisualStudioVersion = 10.0.40219.1
Project("{FAE04EC0-301F-11D3-BF4B-00C04F79EFBC}") = "PascalTriangle", "PascalTriangle\PascalTriangle.csproj", "{A496F64E-456C-4127-BF4E-2A61A181BB7E}"
EndProject
Global
	GlobalSection(SolutionConfigurationPlatforms) = preSolution
		Debug|Any CPU = Debug|Any CPU
		Release|Any CPU = Release|Any CPU
	EndGlobalSection
	GlobalSection(ProjectConfigurationPlatforms) = postSolution
		{A496F64E-456C-4127-BF4E-2A61A181BB7E}.Debug|Any CPU.ActiveCfg = Debug|Any CPU
		{A496F64E-456C-4127-BF4E-2A61A181BB7E}.Debug|Any CPU.Build.0 = Debug|Any CPU
		{A496F64E-456C-4127-BF4E-2A61A181BB7E}.Release|Any CPU.ActiveCfg = Release|Any CPU
		{A496F64E-456C-4127-BF4E-2A61A181BB7E}.Release|Any CPU.Build.0 = Release|Any CPU
	EndGlobalSection
	GlobalSection(SolutionProperties) = preSolution
		HideSolutionNode = FALSE
	EndGlobalSection
	GlobalSection(ExtensibilityGlobals) = postSolution
		SolutionGuid = {A21B22A7-4AD0-4A62-875D-06487C284132}
	EndGlobalSection
EndGlobal
