
Microsoft Visual Studio Solution File, Format Version 12.00
# Visual Studio Version 16
VisualStudioVersion = 16.0.30404.54
MinimumVisualStudioVersion = 10.0.40219.1
Project("{FAE04EC0-301F-11D3-BF4B-00C04F79EFBC}") = "ReverseString", "ReverseString\ReverseString.csproj", "{4BBF26F2-BBD9-40B5-A3F0-810369F5052D}"
EndProject
Global
	GlobalSection(SolutionConfigurationPlatforms) = preSolution
		Debug|Any CPU = Debug|Any CPU
		Release|Any CPU = Release|Any CPU
	EndGlobalSection
	GlobalSection(ProjectConfigurationPlatforms) = postSolution
		{4BBF26F2-BBD9-40B5-A3F0-810369F5052D}.Debug|Any CPU.ActiveCfg = Debug|Any CPU
		{4BBF26F2-BBD9-40B5-A3F0-810369F5052D}.Debug|Any CPU.Build.0 = Debug|Any CPU
		{4BBF26F2-BBD9-40B5-A3F0-810369F5052D}.Release|Any CPU.ActiveCfg = Release|Any CPU
		{4BBF26F2-BBD9-40B5-A3F0-810369F5052D}.Release|Any CPU.Build.0 = Release|Any CPU
	EndGlobalSection
	GlobalSection(SolutionProperties) = preSolution
		HideSolutionNode = FALSE
	EndGlobalSection
	GlobalSection(ExtensibilityGlobals) = postSolution
		SolutionGuid = {58DD26FE-449F-442D-BA9E-F5F632C4D5AD}
	EndGlobalSection
EndGlobal
