
Microsoft Visual Studio Solution File, Format Version 12.00
# Visual Studio 15
VisualStudioVersion = 15.0.28307.572
MinimumVisualStudioVersion = 10.0.40219.1
Project("{9A19103F-16F7-4668-BE54-9A1E7A4F7556}") = "Sudoku", "Sudoku.csproj", "{170E5AA7-295B-480A-8EE9-EB4D3B46CFCF}"
EndProject
Global
	GlobalSection(SolutionConfigurationPlatforms) = preSolution
		Debug|Any CPU = Debug|Any CPU
		Release|Any CPU = Release|Any CPU
	EndGlobalSection
	GlobalSection(ProjectConfigurationPlatforms) = postSolution
		{170E5AA7-295B-480A-8EE9-EB4D3B46CFCF}.Debug|Any CPU.ActiveCfg = Debug|Any CPU
		{170E5AA7-295B-480A-8EE9-EB4D3B46CFCF}.Debug|Any CPU.Build.0 = Debug|Any CPU
		{170E5AA7-295B-480A-8EE9-EB4D3B46CFCF}.Release|Any CPU.ActiveCfg = Release|Any CPU
		{170E5AA7-295B-480A-8EE9-EB4D3B46CFCF}.Release|Any CPU.Build.0 = Release|Any CPU
	EndGlobalSection
	GlobalSection(SolutionProperties) = preSolution
		HideSolutionNode = FALSE
	EndGlobalSection
	GlobalSection(ExtensibilityGlobals) = postSolution
		SolutionGuid = {2FCB3249-79D9-413C-A495-C758C038D5EE}
	EndGlobalSection
EndGlobal
