
Microsoft Visual Studio Solution File, Format Version 12.00
# Visual Studio 15
VisualStudioVersion = 15.0.28307.168
MinimumVisualStudioVersion = 10.0.40219.1
Project("{9A19103F-16F7-4668-BE54-9A1E7A4F7556}") = "HiddenMessageA", "HiddenMessageA.csproj", "{A85DC049-AAA0-4DB2-A515-6355787A88EA}"
EndProject
Global
	GlobalSection(SolutionConfigurationPlatforms) = preSolution
		Debug|Any CPU = Debug|Any CPU
		Release|Any CPU = Release|Any CPU
	EndGlobalSection
	GlobalSection(ProjectConfigurationPlatforms) = postSolution
		{A85DC049-AAA0-4DB2-A515-6355787A88EA}.Debug|Any CPU.ActiveCfg = Debug|Any CPU
		{A85DC049-AAA0-4DB2-A515-6355787A88EA}.Debug|Any CPU.Build.0 = Debug|Any CPU
		{A85DC049-AAA0-4DB2-A515-6355787A88EA}.Release|Any CPU.ActiveCfg = Release|Any CPU
		{A85DC049-AAA0-4DB2-A515-6355787A88EA}.Release|Any CPU.Build.0 = Release|Any CPU
	EndGlobalSection
	GlobalSection(SolutionProperties) = preSolution
		HideSolutionNode = FALSE
	EndGlobalSection
	GlobalSection(ExtensibilityGlobals) = postSolution
		SolutionGuid = {14464705-FAA4-45EB-ADFC-FA17B3FCBE4A}
	EndGlobalSection
EndGlobal
