
Microsoft Visual Studio Solution File, Format Version 12.00
# Visual Studio Version 16
VisualStudioVersion = 16.0.30223.230
MinimumVisualStudioVersion = 10.0.40219.1
Project("{FAE04EC0-301F-11D3-BF4B-00C04F79EFBC}") = "InputError", "InputError\InputError.csproj", "{AAABA507-FD83-4CF2-80C4-BA6C8028143E}"
EndProject
Global
	GlobalSection(SolutionConfigurationPlatforms) = preSolution
		Debug|Any CPU = Debug|Any CPU
		Release|Any CPU = Release|Any CPU
	EndGlobalSection
	GlobalSection(ProjectConfigurationPlatforms) = postSolution
		{AAABA507-FD83-4CF2-80C4-BA6C8028143E}.Debug|Any CPU.ActiveCfg = Debug|Any CPU
		{AAABA507-FD83-4CF2-80C4-BA6C8028143E}.Debug|Any CPU.Build.0 = Debug|Any CPU
		{AAABA507-FD83-4CF2-80C4-BA6C8028143E}.Release|Any CPU.ActiveCfg = Release|Any CPU
		{AAABA507-FD83-4CF2-80C4-BA6C8028143E}.Release|Any CPU.Build.0 = Release|Any CPU
	EndGlobalSection
	GlobalSection(SolutionProperties) = preSolution
		HideSolutionNode = FALSE
	EndGlobalSection
	GlobalSection(ExtensibilityGlobals) = postSolution
		SolutionGuid = {0C5CE996-3A49-4ADF-A7E3-AF91E0831474}
	EndGlobalSection
EndGlobal
