
Microsoft Visual Studio Solution File, Format Version 12.00
# Visual Studio 15
VisualStudioVersion = 15.0.27004.2009
MinimumVisualStudioVersion = 10.0.40219.1
Project("{FAE04EC0-301F-11D3-BF4B-00C04F79EFBC}") = "StringSwaps", "StringSwaps\StringSwaps.csproj", "{D26B9C81-B785-416B-B1F2-0B809D54D9DA}"
EndProject
Global
	GlobalSection(SolutionConfigurationPlatforms) = preSolution
		Debug|Any CPU = Debug|Any CPU
		Release|Any CPU = Release|Any CPU
	EndGlobalSection
	GlobalSection(ProjectConfigurationPlatforms) = postSolution
		{D26B9C81-B785-416B-B1F2-0B809D54D9DA}.Debug|Any CPU.ActiveCfg = Debug|Any CPU
		{D26B9C81-B785-416B-B1F2-0B809D54D9DA}.Debug|Any CPU.Build.0 = Debug|Any CPU
		{D26B9C81-B785-416B-B1F2-0B809D54D9DA}.Release|Any CPU.ActiveCfg = Release|Any CPU
		{D26B9C81-B785-416B-B1F2-0B809D54D9DA}.Release|Any CPU.Build.0 = Release|Any CPU
	EndGlobalSection
	GlobalSection(SolutionProperties) = preSolution
		HideSolutionNode = FALSE
	EndGlobalSection
	GlobalSection(ExtensibilityGlobals) = postSolution
		SolutionGuid = {B449120B-C39C-4B21-BA8A-65A3DB79288D}
	EndGlobalSection
EndGlobal
